
Microsoft Visual Studio Solution File, Format Version 12.00
# Visual Studio Version 16
VisualStudioVersion = 16.0.29424.173
MinimumVisualStudioVersion = 10.0.40219.1
Project("{FAE04EC0-301F-11D3-BF4B-00C04F79EFBC}") = "Fluent Builder Inheritance", "Fluent Builder Inheritance\Fluent Builder Inheritance.csproj", "{2CA1BA0C-CA26-4642-AF52-ACF6D501847B}"
EndProject
Global
	GlobalSection(SolutionConfigurationPlatforms) = preSolution
		Debug|Any CPU = Debug|Any CPU
		Release|Any CPU = Release|Any CPU
	EndGlobalSection
	GlobalSection(ProjectConfigurationPlatforms) = postSolution
		{2CA1BA0C-CA26-4642-AF52-ACF6D501847B}.Debug|Any CPU.ActiveCfg = Debug|Any CPU
		{2CA1BA0C-CA26-4642-AF52-ACF6D501847B}.Debug|Any CPU.Build.0 = Debug|Any CPU
		{2CA1BA0C-CA26-4642-AF52-ACF6D501847B}.Release|Any CPU.ActiveCfg = Release|Any CPU
		{2CA1BA0C-CA26-4642-AF52-ACF6D501847B}.Release|Any CPU.Build.0 = Release|Any CPU
	EndGlobalSection
	GlobalSection(SolutionProperties) = preSolution
		HideSolutionNode = FALSE
	EndGlobalSection
	GlobalSection(ExtensibilityGlobals) = postSolution
		SolutionGuid = {698D0135-44B6-4629-9A6D-A810BDC97B13}
	EndGlobalSection
EndGlobal
