
Microsoft Visual Studio Solution File, Format Version 12.00
# Visual Studio Version 16
VisualStudioVersion = 16.0.29424.173
MinimumVisualStudioVersion = 10.0.40219.1
Project("{FAE04EC0-301F-11D3-BF4B-00C04F79EFBC}") = "ClassLibrary1", "ClassLibrary1\ClassLibrary1.csproj", "{674DFB56-9AAD-4E75-94E9-FA75CF98CEF8}"
EndProject
Project("{FAE04EC0-301F-11D3-BF4B-00C04F79EFBC}") = "Day_4", "Day_4\Day_4.csproj", "{F01A6709-CBA3-4193-998F-CCBE06E8C32A}"
EndProject
Project("{FAE04EC0-301F-11D3-BF4B-00C04F79EFBC}") = "Day_4.1", "Day_4.1\Day_4.1.csproj", "{BBDF3C03-5775-4DA6-ABE2-37D8123A4DC6}"
EndProject
Global
	GlobalSection(SolutionConfigurationPlatforms) = preSolution
		Debug|Any CPU = Debug|Any CPU
		Release|Any CPU = Release|Any CPU
	EndGlobalSection
	GlobalSection(ProjectConfigurationPlatforms) = postSolution
		{674DFB56-9AAD-4E75-94E9-FA75CF98CEF8}.Debug|Any CPU.ActiveCfg = Debug|Any CPU
		{674DFB56-9AAD-4E75-94E9-FA75CF98CEF8}.Debug|Any CPU.Build.0 = Debug|Any CPU
		{674DFB56-9AAD-4E75-94E9-FA75CF98CEF8}.Release|Any CPU.ActiveCfg = Release|Any CPU
		{674DFB56-9AAD-4E75-94E9-FA75CF98CEF8}.Release|Any CPU.Build.0 = Release|Any CPU
		{F01A6709-CBA3-4193-998F-CCBE06E8C32A}.Debug|Any CPU.ActiveCfg = Debug|Any CPU
		{F01A6709-CBA3-4193-998F-CCBE06E8C32A}.Debug|Any CPU.Build.0 = Debug|Any CPU
		{F01A6709-CBA3-4193-998F-CCBE06E8C32A}.Release|Any CPU.ActiveCfg = Release|Any CPU
		{F01A6709-CBA3-4193-998F-CCBE06E8C32A}.Release|Any CPU.Build.0 = Release|Any CPU
		{BBDF3C03-5775-4DA6-ABE2-37D8123A4DC6}.Debug|Any CPU.ActiveCfg = Debug|Any CPU
		{BBDF3C03-5775-4DA6-ABE2-37D8123A4DC6}.Debug|Any CPU.Build.0 = Debug|Any CPU
		{BBDF3C03-5775-4DA6-ABE2-37D8123A4DC6}.Release|Any CPU.ActiveCfg = Release|Any CPU
		{BBDF3C03-5775-4DA6-ABE2-37D8123A4DC6}.Release|Any CPU.Build.0 = Release|Any CPU
	EndGlobalSection
	GlobalSection(SolutionProperties) = preSolution
		HideSolutionNode = FALSE
	EndGlobalSection
	GlobalSection(ExtensibilityGlobals) = postSolution
		SolutionGuid = {D7815A0E-2EAC-470A-AFA8-6302FF7CA7BA}
	EndGlobalSection
EndGlobal
