
Microsoft Visual Studio Solution File, Format Version 12.00
# Visual Studio Version 16
VisualStudioVersion = 16.0.29424.173
MinimumVisualStudioVersion = 10.0.40219.1
Project("{FAE04EC0-301F-11D3-BF4B-00C04F79EFBC}") = "InheritanceEg1", "InheritanceEg1\InheritanceEg1.csproj", "{77444159-CFC2-4C24-A3BC-8E8C87D3A911}"
EndProject
Global
	GlobalSection(SolutionConfigurationPlatforms) = preSolution
		Debug|Any CPU = Debug|Any CPU
		Release|Any CPU = Release|Any CPU
	EndGlobalSection
	GlobalSection(ProjectConfigurationPlatforms) = postSolution
		{77444159-CFC2-4C24-A3BC-8E8C87D3A911}.Debug|Any CPU.ActiveCfg = Debug|Any CPU
		{77444159-CFC2-4C24-A3BC-8E8C87D3A911}.Debug|Any CPU.Build.0 = Debug|Any CPU
		{77444159-CFC2-4C24-A3BC-8E8C87D3A911}.Release|Any CPU.ActiveCfg = Release|Any CPU
		{77444159-CFC2-4C24-A3BC-8E8C87D3A911}.Release|Any CPU.Build.0 = Release|Any CPU
	EndGlobalSection
	GlobalSection(SolutionProperties) = preSolution
		HideSolutionNode = FALSE
	EndGlobalSection
	GlobalSection(ExtensibilityGlobals) = postSolution
		SolutionGuid = {2A9164E9-9AA3-4E25-8B4B-8F94C61F6B5C}
	EndGlobalSection
EndGlobal
