
Microsoft Visual Studio Solution File, Format Version 12.00
# Visual Studio Version 16
VisualStudioVersion = 16.0.29424.173
MinimumVisualStudioVersion = 10.0.40219.1
Project("{FAE04EC0-301F-11D3-BF4B-00C04F79EFBC}") = "Day_4.3", "Day_4.3\Day_4.3.csproj", "{A5039251-FEA3-4D78-86E5-757D2D099DED}"
EndProject
Global
	GlobalSection(SolutionConfigurationPlatforms) = preSolution
		Debug|Any CPU = Debug|Any CPU
		Release|Any CPU = Release|Any CPU
	EndGlobalSection
	GlobalSection(ProjectConfigurationPlatforms) = postSolution
		{A5039251-FEA3-4D78-86E5-757D2D099DED}.Debug|Any CPU.ActiveCfg = Debug|Any CPU
		{A5039251-FEA3-4D78-86E5-757D2D099DED}.Debug|Any CPU.Build.0 = Debug|Any CPU
		{A5039251-FEA3-4D78-86E5-757D2D099DED}.Release|Any CPU.ActiveCfg = Release|Any CPU
		{A5039251-FEA3-4D78-86E5-757D2D099DED}.Release|Any CPU.Build.0 = Release|Any CPU
	EndGlobalSection
	GlobalSection(SolutionProperties) = preSolution
		HideSolutionNode = FALSE
	EndGlobalSection
	GlobalSection(ExtensibilityGlobals) = postSolution
		SolutionGuid = {004C8274-7A64-49D3-A51E-15966E0B46DA}
	EndGlobalSection
EndGlobal
