
Microsoft Visual Studio Solution File, Format Version 12.00
# Visual Studio Version 16
VisualStudioVersion = 16.0.29424.173
MinimumVisualStudioVersion = 10.0.40219.1
Project("{FAE04EC0-301F-11D3-BF4B-00C04F79EFBC}") = "Interface Segregatoin Principle", "Interface Segregatoin Principle\Interface Segregatoin Principle.csproj", "{6DDB8936-6105-4563-B4AC-B47DC2F105C9}"
EndProject
Global
	GlobalSection(SolutionConfigurationPlatforms) = preSolution
		Debug|Any CPU = Debug|Any CPU
		Release|Any CPU = Release|Any CPU
	EndGlobalSection
	GlobalSection(ProjectConfigurationPlatforms) = postSolution
		{6DDB8936-6105-4563-B4AC-B47DC2F105C9}.Debug|Any CPU.ActiveCfg = Debug|Any CPU
		{6DDB8936-6105-4563-B4AC-B47DC2F105C9}.Debug|Any CPU.Build.0 = Debug|Any CPU
		{6DDB8936-6105-4563-B4AC-B47DC2F105C9}.Release|Any CPU.ActiveCfg = Release|Any CPU
		{6DDB8936-6105-4563-B4AC-B47DC2F105C9}.Release|Any CPU.Build.0 = Release|Any CPU
	EndGlobalSection
	GlobalSection(SolutionProperties) = preSolution
		HideSolutionNode = FALSE
	EndGlobalSection
	GlobalSection(ExtensibilityGlobals) = postSolution
		SolutionGuid = {97112362-2FAD-45E1-9ABE-D2287FC4AC2B}
	EndGlobalSection
EndGlobal
