
Microsoft Visual Studio Solution File, Format Version 12.00
# Visual Studio Version 16
VisualStudioVersion = 16.0.29424.173
MinimumVisualStudioVersion = 10.0.40219.1
Project("{FAE04EC0-301F-11D3-BF4B-00C04F79EFBC}") = "Singleton Code", "Singleton Code\Singleton Code.csproj", "{A799E8C0-CEB8-4F8D-A55E-1F38E64C1257}"
EndProject
Global
	GlobalSection(SolutionConfigurationPlatforms) = preSolution
		Debug|Any CPU = Debug|Any CPU
		Release|Any CPU = Release|Any CPU
	EndGlobalSection
	GlobalSection(ProjectConfigurationPlatforms) = postSolution
		{A799E8C0-CEB8-4F8D-A55E-1F38E64C1257}.Debug|Any CPU.ActiveCfg = Debug|Any CPU
		{A799E8C0-CEB8-4F8D-A55E-1F38E64C1257}.Debug|Any CPU.Build.0 = Debug|Any CPU
		{A799E8C0-CEB8-4F8D-A55E-1F38E64C1257}.Release|Any CPU.ActiveCfg = Release|Any CPU
		{A799E8C0-CEB8-4F8D-A55E-1F38E64C1257}.Release|Any CPU.Build.0 = Release|Any CPU
	EndGlobalSection
	GlobalSection(SolutionProperties) = preSolution
		HideSolutionNode = FALSE
	EndGlobalSection
	GlobalSection(ExtensibilityGlobals) = postSolution
		SolutionGuid = {B8960C96-DEAA-482E-86FA-CA0D484160DE}
	EndGlobalSection
EndGlobal
