
Microsoft Visual Studio Solution File, Format Version 12.00
# Visual Studio Version 16
VisualStudioVersion = 16.0.29424.173
MinimumVisualStudioVersion = 10.0.40219.1
Project("{FAE04EC0-301F-11D3-BF4B-00C04F79EFBC}") = "Liskov Subtitution Principle", "Liskov Subtitution Principle\Liskov Subtitution Principle.csproj", "{AE1808AF-3645-4A50-9C38-E6E0CE94D380}"
EndProject
Global
	GlobalSection(SolutionConfigurationPlatforms) = preSolution
		Debug|Any CPU = Debug|Any CPU
		Release|Any CPU = Release|Any CPU
	EndGlobalSection
	GlobalSection(ProjectConfigurationPlatforms) = postSolution
		{AE1808AF-3645-4A50-9C38-E6E0CE94D380}.Debug|Any CPU.ActiveCfg = Debug|Any CPU
		{AE1808AF-3645-4A50-9C38-E6E0CE94D380}.Debug|Any CPU.Build.0 = Debug|Any CPU
		{AE1808AF-3645-4A50-9C38-E6E0CE94D380}.Release|Any CPU.ActiveCfg = Release|Any CPU
		{AE1808AF-3645-4A50-9C38-E6E0CE94D380}.Release|Any CPU.Build.0 = Release|Any CPU
	EndGlobalSection
	GlobalSection(SolutionProperties) = preSolution
		HideSolutionNode = FALSE
	EndGlobalSection
	GlobalSection(ExtensibilityGlobals) = postSolution
		SolutionGuid = {08FE8E17-6177-46F7-8CC6-B2A88A5A4FC7}
	EndGlobalSection
EndGlobal
