
Microsoft Visual Studio Solution File, Format Version 12.00
# Visual Studio Version 16
VisualStudioVersion = 16.0.29424.173
MinimumVisualStudioVersion = 10.0.40219.1
Project("{FAE04EC0-301F-11D3-BF4B-00C04F79EFBC}") = "Builder  Real world code", "Builder  Real world code\Builder  Real world code.csproj", "{C9E61A26-4FD5-43A7-AB99-52089B582895}"
EndProject
Global
	GlobalSection(SolutionConfigurationPlatforms) = preSolution
		Debug|Any CPU = Debug|Any CPU
		Release|Any CPU = Release|Any CPU
	EndGlobalSection
	GlobalSection(ProjectConfigurationPlatforms) = postSolution
		{C9E61A26-4FD5-43A7-AB99-52089B582895}.Debug|Any CPU.ActiveCfg = Debug|Any CPU
		{C9E61A26-4FD5-43A7-AB99-52089B582895}.Debug|Any CPU.Build.0 = Debug|Any CPU
		{C9E61A26-4FD5-43A7-AB99-52089B582895}.Release|Any CPU.ActiveCfg = Release|Any CPU
		{C9E61A26-4FD5-43A7-AB99-52089B582895}.Release|Any CPU.Build.0 = Release|Any CPU
	EndGlobalSection
	GlobalSection(SolutionProperties) = preSolution
		HideSolutionNode = FALSE
	EndGlobalSection
	GlobalSection(ExtensibilityGlobals) = postSolution
		SolutionGuid = {7471F860-C7DC-4A4E-A625-8AE0DDAEA634}
	EndGlobalSection
EndGlobal
